
Microsoft Visual Studio Solution File, Format Version 12.00
# Visual Studio Version 16
VisualStudioVersion = 16.0.32413.511
MinimumVisualStudioVersion = 10.0.40219.1
Project("{FAE04EC0-301F-11D3-BF4B-00C04F79EFBC}") = "FileBrowser", "FileBrowser\FileBrowser.csproj", "{301BF4C1-451C-4397-BA86-3AAC87DB93B5}"
EndProject
Global
	GlobalSection(SolutionConfigurationPlatforms) = preSolution
		Debug|Any CPU = Debug|Any CPU
		Release|Any CPU = Release|Any CPU
	EndGlobalSection
	GlobalSection(ProjectConfigurationPlatforms) = postSolution
		{301BF4C1-451C-4397-BA86-3AAC87DB93B5}.Debug|Any CPU.ActiveCfg = Debug|Any CPU
		{301BF4C1-451C-4397-BA86-3AAC87DB93B5}.Debug|Any CPU.Build.0 = Debug|Any CPU
		{301BF4C1-451C-4397-BA86-3AAC87DB93B5}.Release|Any CPU.ActiveCfg = Release|Any CPU
		{301BF4C1-451C-4397-BA86-3AAC87DB93B5}.Release|Any CPU.Build.0 = Release|Any CPU
	EndGlobalSection
	GlobalSection(SolutionProperties) = preSolution
		HideSolutionNode = FALSE
	EndGlobalSection
	GlobalSection(ExtensibilityGlobals) = postSolution
		SolutionGuid = {D57E646D-8A59-4B5B-A983-CEEE32D9FF0A}
	EndGlobalSection
EndGlobal
